
Microsoft Visual Studio Solution File, Format Version 12.00
# Visual Studio Version 17
VisualStudioVersion = 17.3.32929.385
MinimumVisualStudioVersion = 10.0.40219.1
Project("{9A19103F-16F7-4668-BE54-9A1E7A4F7556}") = "testAPI", "testAPI.csproj", "{B9B3B4BB-CA41-46D7-B628-48F480775738}"
EndProject
Global
	GlobalSection(SolutionConfigurationPlatforms) = preSolution
		Debug|Any CPU = Debug|Any CPU
		Release|Any CPU = Release|Any CPU
	EndGlobalSection
	GlobalSection(ProjectConfigurationPlatforms) = postSolution
		{B9B3B4BB-CA41-46D7-B628-48F480775738}.Debug|Any CPU.ActiveCfg = Debug|Any CPU
		{B9B3B4BB-CA41-46D7-B628-48F480775738}.Debug|Any CPU.Build.0 = Debug|Any CPU
		{B9B3B4BB-CA41-46D7-B628-48F480775738}.Release|Any CPU.ActiveCfg = Release|Any CPU
		{B9B3B4BB-CA41-46D7-B628-48F480775738}.Release|Any CPU.Build.0 = Release|Any CPU
	EndGlobalSection
	GlobalSection(SolutionProperties) = preSolution
		HideSolutionNode = FALSE
	EndGlobalSection
	GlobalSection(ExtensibilityGlobals) = postSolution
		SolutionGuid = {99BF5C19-0B5D-40C3-AB74-A168491425EC}
	EndGlobalSection
EndGlobal
